// !$*UTF8*$!
{
	archiveVersion = 1;
	classes = {
	};
	objectVersion = 55;
	objects = {

/* Begin PBXBuildFile section */
		F7EEFAF727272FF400277C16 /* AppDelegate.swift in Sources */ = {isa = PBXBuildFile; fileRef = F7EEFAF627272FF400277C16 /* AppDelegate.swift */; };
		F7EEFAF927272FF400277C16 /* SceneDelegate.swift in Sources */ = {isa = PBXBuildFile; fileRef = F7EEFAF827272FF400277C16 /* SceneDelegate.swift */; };
		F7EEFAFB27272FF400277C16 /* ViewController.swift in Sources */ = {isa = PBXBuildFile; fileRef = F7EEFAFA27272FF400277C16 /* ViewController.swift */; };
		F7EEFAFE27272FF400277C16 /* Main.storyboard in Resources */ = {isa = PBXBuildFile; fileRef = F7EEFAFC27272FF400277C16 /* Main.storyboard */; };
		F7EEFB0027272FF600277C16 /* Assets.xcassets in Resources */ = {isa = PBXBuildFile; fileRef = F7EEFAFF27272FF600277C16 /* Assets.xcassets */; };
		F7EEFB0327272FF600277C16 /* LaunchScreen.storyboard in Resources */ = {isa = PBXBuildFile; fileRef = F7EEFB0127272FF600277C16 /* LaunchScreen.storyboard */; };
		F7EEFB0C2727308100277C16 /* Service.swift in Sources */ = {isa = PBXBuildFile; fileRef = F7EEFB0B2727308100277C16 /* Service.swift */; };
		F7EEFB0F2727309F00277C16 /* Model.swift in Sources */ = {isa = PBXBuildFile; fileRef = F7EEFB0E2727309F00277C16 /* Model.swift */; };
/* End PBXBuildFile section */

/* Begin PBXFileReference section */
		F7EEFAF327272FF400277C16 /* Binding-MVVM.app */ = {isa = PBXFileReference; explicitFileType = wrapper.application; includeInIndex = 0; path = "Binding-MVVM.app"; sourceTree = BUILT_PRODUCTS_DIR; };
		F7EEFAF627272FF400277C16 /* AppDelegate.swift */ = {isa = PBXFileReference; lastKnownFileType = sourcecode.swift; path = AppDelegate.swift; sourceTree = "<group>"; };
		F7EEFAF827272FF400277C16 /* SceneDelegate.swift */ = {isa = PBXFileReference; lastKnownFileType = sourcecode.swift; path = SceneDelegate.swift; sourceTree = "<group>"; };
		F7EEFAFA27272FF400277C16 /* ViewController.swift */ = {isa = PBXFileReference; lastKnownFileType = sourcecode.swift; path = ViewController.swift; sourceTree = "<group>"; };
		F7EEFAFD27272FF400277C16 /* Base */ = {isa = PBXFileReference; lastKnownFileType = file.storyboard; name = Base; path = Base.lproj/Main.storyboard; sourceTree = "<group>"; };
		F7EEFAFF27272FF600277C16 /* Assets.xcassets */ = {isa = PBXFileReference; lastKnownFileType = folder.assetcatalog; path = Assets.xcassets; sourceTree = "<group>"; };
		F7EEFB0227272FF600277C16 /* Base */ = {isa = PBXFileReference; lastKnownFileType = file.storyboard; name = Base; path = Base.lproj/LaunchScreen.storyboard; sourceTree = "<group>"; };
		F7EEFB0427272FF600277C16 /* Info.plist */ = {isa = PBXFileReference; lastKnownFileType = text.plist.xml; path = Info.plist; sourceTree = "<group>"; };
		F7EEFB0B2727308100277C16 /* Service.swift */ = {isa = PBXFileReference; lastKnownFileType = sourcecode.swift; path = Service.swift; sourceTree = "<group>"; };
		F7EEFB0E2727309F00277C16 /* Model.swift */ = {isa = PBXFileReference; lastKnownFileType = sourcecode.swift; path = Model.swift; sourceTree = "<group>"; };
/* End PBXFileReference section */

/* Begin PBXFrameworksBuildPhase section */
		F7EEFAF027272FF400277C16 /* Frameworks */ = {
			isa = PBXFrameworksBuildPhase;
			buildActionMask = 2147483647;
			files = (
			);
			runOnlyForDeploymentPostprocessing = 0;
		};
/* End PBXFrameworksBuildPhase section */

/* Begin PBXGroup section */
		F7EEFAEA27272FF400277C16 = {
			isa = PBXGroup;
			children = (
				F7EEFAF527272FF400277C16 /* Binding-MVVM */,
				F7EEFAF427272FF400277C16 /* Products */,
			);
			sourceTree = "<group>";
		};
		F7EEFAF427272FF400277C16 /* Products */ = {
			isa = PBXGroup;
			children = (
				F7EEFAF327272FF400277C16 /* Binding-MVVM.app */,
			);
			name = Products;
			sourceTree = "<group>";
		};
		F7EEFAF527272FF400277C16 /* Binding-MVVM */ = {
			isa = PBXGroup;
			children = (
				F7EEFB0D2727309900277C16 /* Model */,
				F7EEFB0A2727307500277C16 /* Service */,
				F7EEFAF627272FF400277C16 /* AppDelegate.swift */,
				F7EEFAF827272FF400277C16 /* SceneDelegate.swift */,
				F7EEFAFA27272FF400277C16 /* ViewController.swift */,
				F7EEFAFC27272FF400277C16 /* Main.storyboard */,
				F7EEFAFF27272FF600277C16 /* Assets.xcassets */,
				F7EEFB0127272FF600277C16 /* LaunchScreen.storyboard */,
				F7EEFB0427272FF600277C16 /* Info.plist */,
			);
			path = "Binding-MVVM";
			sourceTree = "<group>";
		};
		F7EEFB0A2727307500277C16 /* Service */ = {
			isa = PBXGroup;
			children = (
				F7EEFB0B2727308100277C16 /* Service.swift */,
			);
			path = Service;
			sourceTree = "<group>";
		};
		F7EEFB0D2727309900277C16 /* Model */ = {
			isa = PBXGroup;
			children = (
				F7EEFB0E2727309F00277C16 /* Model.swift */,
			);
			path = Model;
			sourceTree = "<group>";
		};
/* End PBXGroup section */

/* Begin PBXNativeTarget section */
		F7EEFAF227272FF400277C16 /* Binding-MVVM */ = {
			isa = PBXNativeTarget;
			buildConfigurationList = F7EEFB0727272FF600277C16 /* Build configuration list for PBXNativeTarget "Binding-MVVM" */;
			buildPhases = (
				F7EEFAEF27272FF400277C16 /* Sources */,
				F7EEFAF027272FF400277C16 /* Frameworks */,
				F7EEFAF127272FF400277C16 /* Resources */,
			);
			buildRules = (
			);
			dependencies = (
			);
			name = "Binding-MVVM";
			productName = "Binding-MVVM";
			productReference = F7EEFAF327272FF400277C16 /* Binding-MVVM.app */;
			productType = "com.apple.product-type.application";
		};
/* End PBXNativeTarget section */

/* Begin PBXProject section */
		F7EEFAEB27272FF400277C16 /* Project object */ = {
			isa = PBXProject;
			attributes = {
				BuildIndependentTargetsInParallel = 1;
				LastSwiftUpdateCheck = 1300;
				LastUpgradeCheck = 1300;
				TargetAttributes = {
					F7EEFAF227272FF400277C16 = {
						CreatedOnToolsVersion = 13.0;
					};
				};
			};
			buildConfigurationList = F7EEFAEE27272FF400277C16 /* Build configuration list for PBXProject "Binding-MVVM" */;
			compatibilityVersion = "Xcode 13.0";
			developmentRegion = en;
			hasScannedForEncodings = 0;
			knownRegions = (
				en,
				Base,
			);
			mainGroup = F7EEFAEA27272FF400277C16;
			productRefGroup = F7EEFAF427272FF400277C16 /* Products */;
			projectDirPath = "";
			projectRoot = "";
			targets = (
				F7EEFAF227272FF400277C16 /* Binding-MVVM */,
			);
		};
/* End PBXProject section */

/* Begin PBXResourcesBuildPhase section */
		F7EEFAF127272FF400277C16 /* Resources */ = {
			isa = PBXResourcesBuildPhase;
			buildActionMask = 2147483647;
			files = (
				F7EEFB0327272FF600277C16 /* LaunchScreen.storyboard in Resources */,
				F7EEFB0027272FF600277C16 /* Assets.xcassets in Resources */,
				F7EEFAFE27272FF400277C16 /* Main.storyboard in Resources */,
			);
			runOnlyForDeploymentPostprocessing = 0;
		};
/* End PBXResourcesBuildPhase section */

/* Begin PBXSourcesBuildPhase section */
		F7EEFAEF27272FF400277C16 /* Sources */ = {
			isa = PBXSourcesBuildPhase;
			buildActionMask = 2147483647;
			files = (
				F7EEFB0F2727309F00277C16 /* Model.swift in Sources */,
				F7EEFAFB27272FF400277C16 /* ViewController.swift in Sources */,
				F7EEFB0C2727308100277C16 /* Service.swift in Sources */,
				F7EEFAF727272FF400277C16 /* AppDelegate.swift in Sources */,
				F7EEFAF927272FF400277C16 /* SceneDelegate.swift in Sources */,
			);
			runOnlyForDeploymentPostprocessing = 0;
		};
/* End PBXSourcesBuildPhase section */

/* Begin PBXVariantGroup section */
		F7EEFAFC27272FF400277C16 /* Main.storyboard */ = {
			isa = PBXVariantGroup;
			children = (
				F7EEFAFD27272FF400277C16 /* Base */,
			);
			name = Main.storyboard;
			sourceTree = "<group>";
		};
		F7EEFB0127272FF600277C16 /* LaunchScreen.storyboard */ = {
			isa = PBXVariantGroup;
			children = (
				F7EEFB0227272FF600277C16 /* Base */,
			);
			name = LaunchScreen.storyboard;
			sourceTree = "<group>";
		};
/* End PBXVariantGroup section */

/* Begin XCBuildConfiguration section */
		F7EEFB0527272FF600277C16 /* Debug */ = {
			isa = XCBuildConfiguration;
			buildSettings = {
				ALWAYS_SEARCH_USER_PATHS = NO;
				CLANG_ANALYZER_NONNULL = YES;
				CLANG_ANALYZER_NUMBER_OBJECT_CONVERSION = YES_AGGRESSIVE;
				CLANG_CXX_LANGUAGE_STANDARD = "gnu++17";
				CLANG_CXX_LIBRARY = "libc++";
				CLANG_ENABLE_MODULES = YES;
				CLANG_ENABLE_OBJC_ARC = YES;
				CLANG_ENABLE_OBJC_WEAK = YES;
				CLANG_WARN_BLOCK_CAPTURE_AUTORELEASING = YES;
				CLANG_WARN_BOOL_CONVERSION = YES;
				CLANG_WARN_COMMA = YES;
				CLANG_WARN_CONSTANT_CONVERSION = YES;
				CLANG_WARN_DEPRECATED_OBJC_IMPLEMENTATIONS = YES;
				CLANG_WARN_DIRECT_OBJC_ISA_USAGE = YES_ERROR;
				CLANG_WARN_DOCUMENTATION_COMMENTS = YES;
				CLANG_WARN_EMPTY_BODY = YES;
				CLANG_WARN_ENUM_CONVERSION = YES;
				CLANG_WARN_INFINITE_RECURSION = YES;
				CLANG_WARN_INT_CONVERSION = YES;
				CLANG_WARN_NON_LITERAL_NULL_CONVERSION = YES;
				CLANG_WARN_OBJC_IMPLICIT_RETAIN_SELF = YES;
				CLANG_WARN_OBJC_LITERAL_CONVERSION = YES;
				CLANG_WARN_OBJC_ROOT_CLASS = YES_ERROR;
				CLANG_WARN_QUOTED_INCLUDE_IN_FRAMEWORK_HEADER = YES;
				CLANG_WARN_RANGE_LOOP_ANALYSIS = YES;
				CLANG_WARN_STRICT_PROTOTYPES = YES;
				CLANG_WARN_SUSPICIOUS_MOVE = YES;
				CLANG_WARN_UNGUARDED_AVAILABILITY = YES_AGGRESSIVE;
				CLANG_WARN_UNREACHABLE_CODE = YES;
				CLANG_WARN__DUPLICATE_METHOD_MATCH = YES;
				COPY_PHASE_STRIP = NO;
				DEBUG_INFORMATION_FORMAT = dwarf;
				ENABLE_STRICT_OBJC_MSGSEND = YES;
				ENABLE_TESTABILITY = YES;
				GCC_C_LANGUAGE_STANDARD = gnu11;
				GCC_DYNAMIC_NO_PIC = NO;
				GCC_NO_COMMON_BLOCKS = YES;
				GCC_OPTIMIZATION_LEVEL = 0;
				GCC_PREPROCESSOR_DEFINITIONS = (
					"DEBUG=1",
					"$(inherited)",
				);
				GCC_WARN_64_TO_32_BIT_CONVERSION = YES;
				GCC_WARN_ABOUT_RETURN_TYPE = YES_ERROR;
				GCC_WARN_UNDECLARED_SELECTOR = YES;
				GCC_WARN_UNINITIALIZED_AUTOS = YES_AGGRESSIVE;
				GCC_WARN_UNUSED_FUNCTION = YES;
				GCC_WARN_UNUSED_VARIABLE = YES;
				IPHONEOS_DEPLOYMENT_TARGET = 15.0;
				MTL_ENABLE_DEBUG_INFO = INCLUDE_SOURCE;
				MTL_FAST_MATH = YES;
				ONLY_ACTIVE_ARCH = YES;
				SDKROOT = iphoneos;
				SWIFT_ACTIVE_COMPILATION_CONDITIONS = DEBUG;
				SWIFT_OPTIMIZATION_LEVEL = "-Onone";
			};
			name = Debug;
		};
		F7EEFB0627272FF600277C16 /* Release */ = {
			isa = XCBuildConfiguration;
			buildSettings = {
				ALWAYS_SEARCH_USER_PATHS = NO;
				CLANG_ANALYZER_NONNULL = YES;
				CLANG_ANALYZER_NUMBER_OBJECT_CONVERSION = YES_AGGRESSIVE;
				CLANG_CXX_LANGUAGE_STANDARD = "gnu++17";
				CLANG_CXX_LIBRARY = "libc++";
				CLANG_ENABLE_MODULES = YES;
				CLANG_ENABLE_OBJC_ARC = YES;
				CLANG_ENABLE_OBJC_WEAK = YES;
				CLANG_WARN_BLOCK_CAPTURE_AUTORELEASING = YES;
				CLANG_WARN_BOOL_CONVERSION = YES;
				CLANG_WARN_COMMA = YES;
				CLANG_WARN_CONSTANT_CONVERSION = YES;
				CLANG_WARN_DEPRECATED_OBJC_IMPLEMENTATIONS = YES;
				CLANG_WARN_DIRECT_OBJC_ISA_USAGE = YES_ERROR;
				CLANG_WARN_DOCUMENTATION_COMMENTS = YES;
				CLANG_WARN_EMPTY_BODY = YES;
				CLANG_WARN_ENUM_CONVERSION = YES;
				CLANG_WARN_INFINITE_RECURSION = YES;
				CLANG_WARN_INT_CONVERSION = YES;
				CLANG_WARN_NON_LITERAL_NULL_CONVERSION = YES;
				CLANG_WARN_OBJC_IMPLICIT_RETAIN_SELF = YES;
				CLANG_WARN_OBJC_LITERAL_CONVERSION = YES;
				CLANG_WARN_OBJC_ROOT_CLASS = YES_ERROR;
				CLANG_WARN_QUOTED_INCLUDE_IN_FRAMEWORK_HEADER = YES;
				CLANG_WARN_RANGE_LOOP_ANALYSIS = YES;
				CLANG_WARN_STRICT_PROTOTYPES = YES;
				CLANG_WARN_SUSPICIOUS_MOVE = YES;
				CLANG_WARN_UNGUARDED_AVAILABILITY = YES_AGGRESSIVE;
				CLANG_WARN_UNREACHABLE_CODE = YES;
				CLANG_WARN__DUPLICATE_METHOD_MATCH = YES;
				COPY_PHASE_STRIP = NO;
				DEBUG_INFORMATION_FORMAT = "dwarf-with-dsym";
				ENABLE_NS_ASSERTIONS = NO;
				ENABLE_STRICT_OBJC_MSGSEND = YES;
				GCC_C_LANGUAGE_STANDARD = gnu11;
				GCC_NO_COMMON_BLOCKS = YES;
				GCC_WARN_64_TO_32_BIT_CONVERSION = YES;
				GCC_WARN_ABOUT_RETURN_TYPE = YES_ERROR;
				GCC_WARN_UNDECLARED_SELECTOR = YES;
				GCC_WARN_UNINITIALIZED_AUTOS = YES_AGGRESSIVE;
				GCC_WARN_UNUSED_FUNCTION = YES;
				GCC_WARN_UNUSED_VARIABLE = YES;
				IPHONEOS_DEPLOYMENT_TARGET = 15.0;
				MTL_ENABLE_DEBUG_INFO = NO;
				MTL_FAST_MATH = YES;
				SDKROOT = iphoneos;
				SWIFT_COMPILATION_MODE = wholemodule;
				SWIFT_OPTIMIZATION_LEVEL = "-O";
				VALIDATE_PRODUCT = YES;
			};
			name = Release;
		};
		F7EEFB0827272FF600277C16 /* Debug */ = {
			isa = XCBuildConfiguration;
			buildSettings = {
				ASSETCATALOG_COMPILER_APPICON_NAME = AppIcon;
				ASSETCATALOG_COMPILER_GLOBAL_ACCENT_COLOR_NAME = AccentColor;
				CODE_SIGN_STYLE = Automatic;
				CURRENT_PROJECT_VERSION = 1;
				DEVELOPMENT_TEAM = 3DN25Z4W9R;
				GENERATE_INFOPLIST_FILE = YES;
				INFOPLIST_FILE = "Binding-MVVM/Info.plist";
				INFOPLIST_KEY_UIApplicationSupportsIndirectInputEvents = YES;
				INFOPLIST_KEY_UILaunchStoryboardName = LaunchScreen;
				INFOPLIST_KEY_UIMainStoryboardFile = Main;
				INFOPLIST_KEY_UISupportedInterfaceOrientations_iPad = "UIInterfaceOrientationPortrait UIInterfaceOrientationPortraitUpsideDown UIInterfaceOrientationLandscapeLeft UIInterfaceOrientationLandscapeRight";
				INFOPLIST_KEY_UISupportedInterfaceOrientations_iPhone = "UIInterfaceOrientationPortrait UIInterfaceOrientationLandscapeLeft UIInterfaceOrientationLandscapeRight";
				LD_RUNPATH_SEARCH_PATHS = (
					"$(inherited)",
					"@executable_path/Frameworks",
				);
				MARKETING_VERSION = 1.0;
				PRODUCT_BUNDLE_IDENTIFIER = "Sinan.Binding-MVVM";
				PRODUCT_NAME = "$(TARGET_NAME)";
				SWIFT_EMIT_LOC_STRINGS = YES;
				SWIFT_VERSION = 5.0;
				TARGETED_DEVICE_FAMILY = "1,2";
			};
			name = Debug;
		};
		F7EEFB0927272FF600277C16 /* Release */ = {
			isa = XCBuildConfiguration;
			buildSettings = {
				ASSETCATALOG_COMPILER_APPICON_NAME = AppIcon;
				ASSETCATALOG_COMPILER_GLOBAL_ACCENT_COLOR_NAME = AccentColor;
				CODE_SIGN_STYLE = Automatic;
				CURRENT_PROJECT_VERSION = 1;
				DEVELOPMENT_TEAM = 3DN25Z4W9R;
				GENERATE_INFOPLIST_FILE = YES;
				INFOPLIST_FILE = "Binding-MVVM/Info.plist";
				INFOPLIST_KEY_UIApplicationSupportsIndirectInputEvents = YES;
				INFOPLIST_KEY_UILaunchStoryboardName = LaunchScreen;
				INFOPLIST_KEY_UIMainStoryboardFile = Main;
				INFOPLIST_KEY_UISupportedInterfaceOrientations_iPad = "UIInterfaceOrientationPortrait UIInterfaceOrientationPortraitUpsideDown UIInterfaceOrientationLandscapeLeft UIInterfaceOrientationLandscapeRight";
				INFOPLIST_KEY_UISupportedInterfaceOrientations_iPhone = "UIInterfaceOrientationPortrait UIInterfaceOrientationLandscapeLeft UIInterfaceOrientationLandscapeRight";
				LD_RUNPATH_SEARCH_PATHS = (
					"$(inherited)",
					"@executable_path/Frameworks",
				);
				MARKETING_VERSION = 1.0;
				PRODUCT_BUNDLE_IDENTIFIER = "Sinan.Binding-MVVM";
				PRODUCT_NAME = "$(TARGET_NAME)";
				SWIFT_EMIT_LOC_STRINGS = YES;
				SWIFT_VERSION = 5.0;
				TARGETED_DEVICE_FAMILY = "1,2";
			};
			name = Release;
		};
/* End XCBuildConfiguration section */

/* Begin XCConfigurationList section */
		F7EEFAEE27272FF400277C16 /* Build configuration list for PBXProject "Binding-MVVM" */ = {
			isa = XCConfigurationList;
			buildConfigurations = (
				F7EEFB0527272FF600277C16 /* Debug */,
				F7EEFB0627272FF600277C16 /* Release */,
			);
			defaultConfigurationIsVisible = 0;
			defaultConfigurationName = Release;
		};
		F7EEFB0727272FF600277C16 /* Build configuration list for PBXNativeTarget "Binding-MVVM" */ = {
			isa = XCConfigurationList;
			buildConfigurations = (
				F7EEFB0827272FF600277C16 /* Debug */,
				F7EEFB0927272FF600277C16 /* Release */,
			);
			defaultConfigurationIsVisible = 0;
			defaultConfigurationName = Release;
		};
/* End XCConfigurationList section */
	};
	rootObject = F7EEFAEB27272FF400277C16 /* Project object */;
}
